
Microsoft Visual Studio Solution File, Format Version 12.00
# Visual Studio Version 17
Project("{2150E333-8FDC-42A3-9474-1A3956D46DE8}") = "OpenGLPhysics", "OpenGLPhysics", "{34B56F3C-A016-4D4A-2984-93FC95E48309}"
EndProject
Project("{8BC9CEB8-8B4A-11D0-8D11-00A0C91BC942}") = "OpenGLAPI", "OpenGLPhysics\OpenGLAPI.vcxproj", "{6491D1A5-D0FB-851C-193A-37C285E36371}"
EndProject
Global
	GlobalSection(SolutionConfigurationPlatforms) = preSolution
		Debug|x64 = Debug|x64
		Release|x64 = Release|x64
	EndGlobalSection
	GlobalSection(ProjectConfigurationPlatforms) = postSolution
		{6491D1A5-D0FB-851C-193A-37C285E36371}.Debug|x64.ActiveCfg = Debug|x64
		{6491D1A5-D0FB-851C-193A-37C285E36371}.Debug|x64.Build.0 = Debug|x64
		{6491D1A5-D0FB-851C-193A-37C285E36371}.Release|x64.ActiveCfg = Release|x64
		{6491D1A5-D0FB-851C-193A-37C285E36371}.Release|x64.Build.0 = Release|x64
	EndGlobalSection
	GlobalSection(SolutionProperties) = preSolution
		HideSolutionNode = FALSE
	EndGlobalSection
	GlobalSection(NestedProjects) = preSolution
		{6491D1A5-D0FB-851C-193A-37C285E36371} = {34B56F3C-A016-4D4A-2984-93FC95E48309}
	EndGlobalSection
EndGlobal
