<?xml version="1.0" encoding="utf-8"?>
<Project ToolsVersion="4.0" xmlns="http://schemas.microsoft.com/developer/msbuild/2003">
  <ItemGroup>
    <Filter Include="global">
      <UniqueIdentifier>{D63F0300-C2E1-2DD6-AB9C-412A97DDB426}</UniqueIdentifier>
    </Filter>
    <Filter Include="include">
      <UniqueIdentifier>{89AF369E-F58E-B539-FEA6-40106A051C9B}</UniqueIdentifier>
    </Filter>
    <Filter Include="opengl">
      <UniqueIdentifier>{EA9EEF12-D640-1AE9-BFFB-2D3DAB3CA139}</UniqueIdentifier>
    </Filter>
    <Filter Include="opengl\glInit">
      <UniqueIdentifier>{E0339F3F-4CF4-1A76-152F-64F381AE5F52}</UniqueIdentifier>
    </Filter>
    <Filter Include="opengl\glInit\include">
      <UniqueIdentifier>{533B9220-BFA7-4D1B-889B-E578F4C66F83}</UniqueIdentifier>
    </Filter>
    <Filter Include="opengl\glInit\src">
      <UniqueIdentifier>{F7E1F1A1-63F8-EF37-AC6F-7B5918C5C0BF}</UniqueIdentifier>
    </Filter>
    <Filter Include="opengl\glUtil">
      <UniqueIdentifier>{EAE1A53F-56A2-2176-1FDD-6AF38B5C6652}</UniqueIdentifier>
    </Filter>
    <Filter Include="opengl\glUtil\include">
      <UniqueIdentifier>{5D5343E8-C9BF-FEE2-92B3-9640FEDE204B}</UniqueIdentifier>
    </Filter>
    <Filter Include="opengl\glUtil\src">
      <UniqueIdentifier>{01855482-6D9B-5218-B612-DE39226823A0}</UniqueIdentifier>
    </Filter>
    <Filter Include="opengl\tools">
      <UniqueIdentifier>{0AFB7D8E-F65D-0D33-9FE3-45E98B25D9B5}</UniqueIdentifier>
    </Filter>
    <Filter Include="opengl\tools\include">
      <UniqueIdentifier>{7D8CB245-691B-3C0F-123A-500AFEA74CB5}</UniqueIdentifier>
    </Filter>
    <Filter Include="opengl\tools\src">
      <UniqueIdentifier>{212ED443-0D27-F395-3659-D81A22B1D2A1}</UniqueIdentifier>
    </Filter>
    <Filter Include="src">
      <UniqueIdentifier>{2DAB880B-99B4-887C-2230-9F7C8E38947C}</UniqueIdentifier>
    </Filter>
  </ItemGroup>
  <ItemGroup>
    <ClInclude Include="global\config.h">
      <Filter>global</Filter>
    </ClInclude>
    <ClInclude Include="global\headers.h">
      <Filter>global</Filter>
    </ClInclude>
    <ClInclude Include="include\engine.h">
      <Filter>include</Filter>
    </ClInclude>
    <ClInclude Include="include\main.h">
      <Filter>include</Filter>
    </ClInclude>
    <ClInclude Include="opengl\glInit\include\program.h">
      <Filter>opengl\glInit\include</Filter>
    </ClInclude>
    <ClInclude Include="opengl\glUtil\include\mesh.h">
      <Filter>opengl\glUtil\include</Filter>
    </ClInclude>
    <ClInclude Include="opengl\glUtil\include\stride_composition.h">
      <Filter>opengl\glUtil\include</Filter>
    </ClInclude>
    <ClInclude Include="opengl\glUtil\include\texture.h">
      <Filter>opengl\glUtil\include</Filter>
    </ClInclude>
    <ClInclude Include="opengl\tools\include\aabb_button_control.h">
      <Filter>opengl\tools\include</Filter>
    </ClInclude>
    <ClInclude Include="opengl\tools\include\aabb_button_control.inl">
      <Filter>opengl\tools\include</Filter>
    </ClInclude>
    <ClInclude Include="opengl\tools\include\base_engine.h">
      <Filter>opengl\tools\include</Filter>
    </ClInclude>
    <ClInclude Include="opengl\tools\include\camera.h">
      <Filter>opengl\tools\include</Filter>
    </ClInclude>
    <ClInclude Include="opengl\tools\include\camera_bundle.h">
      <Filter>opengl\tools\include</Filter>
    </ClInclude>
    <ClInclude Include="opengl\tools\include\json_reader.h">
      <Filter>opengl\tools\include</Filter>
    </ClInclude>
    <ClInclude Include="opengl\tools\include\key_control.h">
      <Filter>opengl\tools\include</Filter>
    </ClInclude>
    <ClInclude Include="opengl\tools\include\key_control.inl">
      <Filter>opengl\tools\include</Filter>
    </ClInclude>
    <ClInclude Include="opengl\tools\include\key_usage_registry.h">
      <Filter>opengl\tools\include</Filter>
    </ClInclude>
    <ClInclude Include="opengl\tools\include\keys.h">
      <Filter>opengl\tools\include</Filter>
    </ClInclude>
    <ClInclude Include="opengl\tools\include\memory_pool.h">
      <Filter>opengl\tools\include</Filter>
    </ClInclude>
    <ClInclude Include="opengl\tools\include\memory_pool_container.h">
      <Filter>opengl\tools\include</Filter>
    </ClInclude>
    <ClInclude Include="opengl\tools\include\mouse_control.h">
      <Filter>opengl\tools\include</Filter>
    </ClInclude>
    <ClInclude Include="opengl\tools\include\scene.h">
      <Filter>opengl\tools\include</Filter>
    </ClInclude>
    <ClInclude Include="opengl\tools\include\stride.h">
      <Filter>opengl\tools\include</Filter>
    </ClInclude>
    <ClInclude Include="opengl\tools\include\thread.h">
      <Filter>opengl\tools\include</Filter>
    </ClInclude>
    <ClInclude Include="opengl\tools\include\timer.h">
      <Filter>opengl\tools\include</Filter>
    </ClInclude>
    <ClInclude Include="opengl\tools\include\types.h">
      <Filter>opengl\tools\include</Filter>
    </ClInclude>
    <ClInclude Include="opengl\tools\include\window.h">
      <Filter>opengl\tools\include</Filter>
    </ClInclude>
    <ClInclude Include="opengl\tools\include\window_input.h">
      <Filter>opengl\tools\include</Filter>
    </ClInclude>
    <ClInclude Include="opengl\tools\include\window_input_bundles.h">
      <Filter>opengl\tools\include</Filter>
    </ClInclude>
    <ClInclude Include="opengl\glUtil\include\mesh_bundle.h" />
    <ClInclude Include="opengl\glUtil\include\uniform_buffer.h" />
    <ClInclude Include="opengl\glInit\include\config.h" />
    <ClInclude Include="opengl\tools\include\scope_exiter.h" />
  </ItemGroup>
  <ItemGroup>
    <ClCompile Include="global\headers.cpp">
      <Filter>global</Filter>
    </ClCompile>
    <ClCompile Include="opengl\glInit\src\program.cpp">
      <Filter>opengl\glInit\src</Filter>
    </ClCompile>
    <ClCompile Include="opengl\glUtil\src\mesh.cpp">
      <Filter>opengl\glUtil\src</Filter>
    </ClCompile>
    <ClCompile Include="opengl\glUtil\src\stb_image.cpp">
      <Filter>opengl\glUtil\src</Filter>
    </ClCompile>
    <ClCompile Include="opengl\glUtil\src\stride_composition.cpp">
      <Filter>opengl\glUtil\src</Filter>
    </ClCompile>
    <ClCompile Include="opengl\glUtil\src\texture.cpp">
      <Filter>opengl\glUtil\src</Filter>
    </ClCompile>
    <ClCompile Include="opengl\tools\src\aabb_button_control.cpp">
      <Filter>opengl\tools\src</Filter>
    </ClCompile>
    <ClCompile Include="opengl\tools\src\base_engine.cpp">
      <Filter>opengl\tools\src</Filter>
    </ClCompile>
    <ClCompile Include="opengl\tools\src\camera.cpp">
      <Filter>opengl\tools\src</Filter>
    </ClCompile>
    <ClCompile Include="opengl\tools\src\json_reader.cpp">
      <Filter>opengl\tools\src</Filter>
    </ClCompile>
    <ClCompile Include="opengl\tools\src\key_control.cpp">
      <Filter>opengl\tools\src</Filter>
    </ClCompile>
    <ClCompile Include="opengl\tools\src\key_usage_registry.cpp">
      <Filter>opengl\tools\src</Filter>
    </ClCompile>
    <ClCompile Include="opengl\tools\src\memory_pool.cpp">
      <Filter>opengl\tools\src</Filter>
    </ClCompile>
    <ClCompile Include="opengl\tools\src\memory_pool_container.cpp">
      <Filter>opengl\tools\src</Filter>
    </ClCompile>
    <ClCompile Include="opengl\tools\src\mouse_control.cpp">
      <Filter>opengl\tools\src</Filter>
    </ClCompile>
    <ClCompile Include="opengl\tools\src\scene.cpp">
      <Filter>opengl\tools\src</Filter>
    </ClCompile>
    <ClCompile Include="opengl\tools\src\stride.cpp">
      <Filter>opengl\tools\src</Filter>
    </ClCompile>
    <ClCompile Include="opengl\tools\src\thread.cpp">
      <Filter>opengl\tools\src</Filter>
    </ClCompile>
    <ClCompile Include="opengl\tools\src\timer.cpp">
      <Filter>opengl\tools\src</Filter>
    </ClCompile>
    <ClCompile Include="opengl\tools\src\window.cpp">
      <Filter>opengl\tools\src</Filter>
    </ClCompile>
    <ClCompile Include="opengl\tools\src\window_input.cpp">
      <Filter>opengl\tools\src</Filter>
    </ClCompile>
    <ClCompile Include="src\engine.cpp">
      <Filter>src</Filter>
    </ClCompile>
    <ClCompile Include="src\main.cpp">
      <Filter>src</Filter>
    </ClCompile>
    <ClCompile Include="opengl\glUtil\src\uniform_buffer.cpp" />
    <ClCompile Include="opengl\glInit\src\config.cpp" />
    <ClCompile Include="opengl\tools\src\scope_exiter.cpp" />
  </ItemGroup>
  <ItemGroup>
    <None Include="opengl\glUtil\include\uniform_buffer.inl" />
  </ItemGroup>
</Project>